
Microsoft Visual Studio Solution File, Format Version 12.00
# Visual Studio Version 17
VisualStudioVersion = 17.14.37111.16
MinimumVisualStudioVersion = 10.0.40219.1
Project("{FAE04EC0-301F-11D3-BF4B-00C04F79EFBC}") = "CyberSecurityBot", "CyberSecurityBot\CyberSecurityBot.csproj", "{18D72561-D863-4D0E-8E06-00B7113ABCD6}"
EndProject
Project("{FAE04EC0-301F-11D3-BF4B-00C04F79EFBC}") = "CyberSecurityBot.Core", "CyberSecurityBot.Core\CyberSecurityBot.Core.csproj", "{A283094C-AC39-4A82-8E9C-8AF061BD2A07}"
EndProject
Project("{FAE04EC0-301F-11D3-BF4B-00C04F79EFBC}") = "CyberSecurityBot.Wpf", "CyberSecurityBot.Wpf\CyberSecurityBot.Wpf.csproj", "{18AF0A49-0A7B-48A8-95E0-1ADF66C4834D}"
EndProject
Global
	GlobalSection(SolutionConfigurationPlatforms) = preSolution
		Debug|Any CPU = Debug|Any CPU
		Debug|x64 = Debug|x64
		Debug|x86 = Debug|x86
		Release|Any CPU = Release|Any CPU
		Release|x64 = Release|x64
		Release|x86 = Release|x86
	EndGlobalSection
	GlobalSection(ProjectConfigurationPlatforms) = postSolution
		{18D72561-D863-4D0E-8E06-00B7113ABCD6}.Debug|Any CPU.ActiveCfg = Debug|Any CPU
		{18D72561-D863-4D0E-8E06-00B7113ABCD6}.Debug|Any CPU.Build.0 = Debug|Any CPU
		{18D72561-D863-4D0E-8E06-00B7113ABCD6}.Debug|x64.ActiveCfg = Debug|Any CPU
		{18D72561-D863-4D0E-8E06-00B7113ABCD6}.Debug|x64.Build.0 = Debug|Any CPU
		{18D72561-D863-4D0E-8E06-00B7113ABCD6}.Debug|x86.ActiveCfg = Debug|Any CPU
		{18D72561-D863-4D0E-8E06-00B7113ABCD6}.Debug|x86.Build.0 = Debug|Any CPU
		{18D72561-D863-4D0E-8E06-00B7113ABCD6}.Release|Any CPU.ActiveCfg = Release|Any CPU
		{18D72561-D863-4D0E-8E06-00B7113ABCD6}.Release|Any CPU.Build.0 = Release|Any CPU
		{18D72561-D863-4D0E-8E06-00B7113ABCD6}.Release|x64.ActiveCfg = Release|Any CPU
		{18D72561-D863-4D0E-8E06-00B7113ABCD6}.Release|x64.Build.0 = Release|Any CPU
		{18D72561-D863-4D0E-8E06-00B7113ABCD6}.Release|x86.ActiveCfg = Release|Any CPU
		{18D72561-D863-4D0E-8E06-00B7113ABCD6}.Release|x86.Build.0 = Release|Any CPU
		{A283094C-AC39-4A82-8E9C-8AF061BD2A07}.Debug|Any CPU.ActiveCfg = Debug|Any CPU
		{A283094C-AC39-4A82-8E9C-8AF061BD2A07}.Debug|Any CPU.Build.0 = Debug|Any CPU
		{A283094C-AC39-4A82-8E9C-8AF061BD2A07}.Debug|x64.ActiveCfg = Debug|Any CPU
		{A283094C-AC39-4A82-8E9C-8AF061BD2A07}.Debug|x64.Build.0 = Debug|Any CPU
		{A283094C-AC39-4A82-8E9C-8AF061BD2A07}.Debug|x86.ActiveCfg = Debug|Any CPU
		{A283094C-AC39-4A82-8E9C-8AF061BD2A07}.Debug|x86.Build.0 = Debug|Any CPU
		{A283094C-AC39-4A82-8E9C-8AF061BD2A07}.Release|Any CPU.ActiveCfg = Release|Any CPU
		{A283094C-AC39-4A82-8E9C-8AF061BD2A07}.Release|Any CPU.Build.0 = Release|Any CPU
		{A283094C-AC39-4A82-8E9C-8AF061BD2A07}.Release|x64.ActiveCfg = Release|Any CPU
		{A283094C-AC39-4A82-8E9C-8AF061BD2A07}.Release|x64.Build.0 = Release|Any CPU
		{A283094C-AC39-4A82-8E9C-8AF061BD2A07}.Release|x86.ActiveCfg = Release|Any CPU
		{A283094C-AC39-4A82-8E9C-8AF061BD2A07}.Release|x86.Build.0 = Release|Any CPU
		{18AF0A49-0A7B-48A8-95E0-1ADF66C4834D}.Debug|Any CPU.ActiveCfg = Debug|Any CPU
		{18AF0A49-0A7B-48A8-95E0-1ADF66C4834D}.Debug|Any CPU.Build.0 = Debug|Any CPU
		{18AF0A49-0A7B-48A8-95E0-1ADF66C4834D}.Debug|x64.ActiveCfg = Debug|Any CPU
		{18AF0A49-0A7B-48A8-95E0-1ADF66C4834D}.Debug|x64.Build.0 = Debug|Any CPU
		{18AF0A49-0A7B-48A8-95E0-1ADF66C4834D}.Debug|x86.ActiveCfg = Debug|Any CPU
		{18AF0A49-0A7B-48A8-95E0-1ADF66C4834D}.Debug|x86.Build.0 = Debug|Any CPU
		{18AF0A49-0A7B-48A8-95E0-1ADF66C4834D}.Release|Any CPU.ActiveCfg = Release|Any CPU
		{18AF0A49-0A7B-48A8-95E0-1ADF66C4834D}.Release|Any CPU.Build.0 = Release|Any CPU
		{18AF0A49-0A7B-48A8-95E0-1ADF66C4834D}.Release|x64.ActiveCfg = Release|Any CPU
		{18AF0A49-0A7B-48A8-95E0-1ADF66C4834D}.Release|x64.Build.0 = Release|Any CPU
		{18AF0A49-0A7B-48A8-95E0-1ADF66C4834D}.Release|x86.ActiveCfg = Release|Any CPU
		{18AF0A49-0A7B-48A8-95E0-1ADF66C4834D}.Release|x86.Build.0 = Release|Any CPU
	EndGlobalSection
	GlobalSection(SolutionProperties) = preSolution
		HideSolutionNode = FALSE
	EndGlobalSection
	GlobalSection(ExtensibilityGlobals) = postSolution
		SolutionGuid = {4B7F2E65-83DA-4675-AA79-08987A8674C4}
	EndGlobalSection
EndGlobal
